
Microsoft Visual Studio Solution File, Format Version 12.00
# Visual Studio Version 17
VisualStudioVersion = 17.5.33414.496
MinimumVisualStudioVersion = 10.0.40219.1
Project("{FAE04EC0-301F-11D3-BF4B-00C04F79EFBC}") = "XamarinHomeApp.UWP", "XamarinHomeApp\XamarinHomeApp.UWP\XamarinHomeApp.UWP.csproj", "{E0ACC6A9-D34F-40B6-891E-9D7A6EA88649}"
EndProject
Project("{FAE04EC0-301F-11D3-BF4B-00C04F79EFBC}") = "XamarinHomeApp.Android", "XamarinHomeApp\XamarinHomeApp.Android\XamarinHomeApp.Android.csproj", "{47384F96-E6A7-4F76-90A3-AB90496327E0}"
EndProject
Project("{FAE04EC0-301F-11D3-BF4B-00C04F79EFBC}") = "XamarinHomeApp.iOS", "XamarinHomeApp\XamarinHomeApp.iOS\XamarinHomeApp.iOS.csproj", "{1797A088-A3E8-40D3-821B-41715BB5A398}"
EndProject
Project("{9A19103F-16F7-4668-BE54-9A1E7A4F7556}") = "XamarinHomeApp", "XamarinHomeApp\XamarinHomeApp\XamarinHomeApp.csproj", "{BA1F0035-5CDD-4B56-BC0D-4021B6D6D8B7}"
EndProject
Project("{2150E333-8FDC-42A3-9474-1A3956D46DE8}") = "Элементы решения", "Элементы решения", "{8703AA75-1301-4CCA-AD02-4F376BA88102}"
	ProjectSection(SolutionItems) = preProject
		Xamarin.Forms_Extensions.txt = Xamarin.Forms_Extensions.txt
	EndProjectSection
EndProject
Global
	GlobalSection(SolutionConfigurationPlatforms) = preSolution
		Debug|Any CPU = Debug|Any CPU
		Debug|ARM = Debug|ARM
		Debug|iPhone = Debug|iPhone
		Debug|iPhoneSimulator = Debug|iPhoneSimulator
		Debug|x64 = Debug|x64
		Debug|x86 = Debug|x86
		Release|Any CPU = Release|Any CPU
		Release|ARM = Release|ARM
		Release|iPhone = Release|iPhone
		Release|iPhoneSimulator = Release|iPhoneSimulator
		Release|x64 = Release|x64
		Release|x86 = Release|x86
	EndGlobalSection
	GlobalSection(ProjectConfigurationPlatforms) = postSolution
		{E0ACC6A9-D34F-40B6-891E-9D7A6EA88649}.Debug|Any CPU.ActiveCfg = Debug|x64
		{E0ACC6A9-D34F-40B6-891E-9D7A6EA88649}.Debug|Any CPU.Build.0 = Debug|x64
		{E0ACC6A9-D34F-40B6-891E-9D7A6EA88649}.Debug|Any CPU.Deploy.0 = Debug|x64
		{E0ACC6A9-D34F-40B6-891E-9D7A6EA88649}.Debug|ARM.ActiveCfg = Debug|ARM
		{E0ACC6A9-D34F-40B6-891E-9D7A6EA88649}.Debug|ARM.Build.0 = Debug|ARM
		{E0ACC6A9-D34F-40B6-891E-9D7A6EA88649}.Debug|ARM.Deploy.0 = Debug|ARM
		{E0ACC6A9-D34F-40B6-891E-9D7A6EA88649}.Debug|iPhone.ActiveCfg = Debug|x64
		{E0ACC6A9-D34F-40B6-891E-9D7A6EA88649}.Debug|iPhone.Build.0 = Debug|x64
		{E0ACC6A9-D34F-40B6-891E-9D7A6EA88649}.Debug|iPhone.Deploy.0 = Debug|x64
		{E0ACC6A9-D34F-40B6-891E-9D7A6EA88649}.Debug|iPhoneSimulator.ActiveCfg = Debug|x64
		{E0ACC6A9-D34F-40B6-891E-9D7A6EA88649}.Debug|iPhoneSimulator.Build.0 = Debug|x64
		{E0ACC6A9-D34F-40B6-891E-9D7A6EA88649}.Debug|iPhoneSimulator.Deploy.0 = Debug|x64
		{E0ACC6A9-D34F-40B6-891E-9D7A6EA88649}.Debug|x64.ActiveCfg = Debug|x64
		{E0ACC6A9-D34F-40B6-891E-9D7A6EA88649}.Debug|x64.Build.0 = Debug|x64
		{E0ACC6A9-D34F-40B6-891E-9D7A6EA88649}.Debug|x64.Deploy.0 = Debug|x64
		{E0ACC6A9-D34F-40B6-891E-9D7A6EA88649}.Debug|x86.ActiveCfg = Debug|x86
		{E0ACC6A9-D34F-40B6-891E-9D7A6EA88649}.Debug|x86.Build.0 = Debug|x86
		{E0ACC6A9-D34F-40B6-891E-9D7A6EA88649}.Debug|x86.Deploy.0 = Debug|x86
		{E0ACC6A9-D34F-40B6-891E-9D7A6EA88649}.Release|Any CPU.ActiveCfg = Release|x64
		{E0ACC6A9-D34F-40B6-891E-9D7A6EA88649}.Release|Any CPU.Build.0 = Release|x64
		{E0ACC6A9-D34F-40B6-891E-9D7A6EA88649}.Release|Any CPU.Deploy.0 = Release|x64
		{E0ACC6A9-D34F-40B6-891E-9D7A6EA88649}.Release|ARM.ActiveCfg = Release|ARM
		{E0ACC6A9-D34F-40B6-891E-9D7A6EA88649}.Release|ARM.Build.0 = Release|ARM
		{E0ACC6A9-D34F-40B6-891E-9D7A6EA88649}.Release|ARM.Deploy.0 = Release|ARM
		{E0ACC6A9-D34F-40B6-891E-9D7A6EA88649}.Release|iPhone.ActiveCfg = Release|x64
		{E0ACC6A9-D34F-40B6-891E-9D7A6EA88649}.Release|iPhone.Build.0 = Release|x64
		{E0ACC6A9-D34F-40B6-891E-9D7A6EA88649}.Release|iPhone.Deploy.0 = Release|x64
		{E0ACC6A9-D34F-40B6-891E-9D7A6EA88649}.Release|iPhoneSimulator.ActiveCfg = Release|x64
		{E0ACC6A9-D34F-40B6-891E-9D7A6EA88649}.Release|iPhoneSimulator.Build.0 = Release|x64
		{E0ACC6A9-D34F-40B6-891E-9D7A6EA88649}.Release|iPhoneSimulator.Deploy.0 = Release|x64
		{E0ACC6A9-D34F-40B6-891E-9D7A6EA88649}.Release|x64.ActiveCfg = Release|x64
		{E0ACC6A9-D34F-40B6-891E-9D7A6EA88649}.Release|x64.Build.0 = Release|x64
		{E0ACC6A9-D34F-40B6-891E-9D7A6EA88649}.Release|x64.Deploy.0 = Release|x64
		{E0ACC6A9-D34F-40B6-891E-9D7A6EA88649}.Release|x86.ActiveCfg = Release|x86
		{E0ACC6A9-D34F-40B6-891E-9D7A6EA88649}.Release|x86.Build.0 = Release|x86
		{E0ACC6A9-D34F-40B6-891E-9D7A6EA88649}.Release|x86.Deploy.0 = Release|x86
		{47384F96-E6A7-4F76-90A3-AB90496327E0}.Debug|Any CPU.ActiveCfg = Debug|Any CPU
		{47384F96-E6A7-4F76-90A3-AB90496327E0}.Debug|Any CPU.Build.0 = Debug|Any CPU
		{47384F96-E6A7-4F76-90A3-AB90496327E0}.Debug|Any CPU.Deploy.0 = Debug|Any CPU
		{47384F96-E6A7-4F76-90A3-AB90496327E0}.Debug|ARM.ActiveCfg = Debug|Any CPU
		{47384F96-E6A7-4F76-90A3-AB90496327E0}.Debug|ARM.Build.0 = Debug|Any CPU
		{47384F96-E6A7-4F76-90A3-AB90496327E0}.Debug|ARM.Deploy.0 = Debug|Any CPU
		{47384F96-E6A7-4F76-90A3-AB90496327E0}.Debug|iPhone.ActiveCfg = Debug|Any CPU
		{47384F96-E6A7-4F76-90A3-AB90496327E0}.Debug|iPhone.Build.0 = Debug|Any CPU
		{47384F96-E6A7-4F76-90A3-AB90496327E0}.Debug|iPhone.Deploy.0 = Debug|Any CPU
		{47384F96-E6A7-4F76-90A3-AB90496327E0}.Debug|iPhoneSimulator.ActiveCfg = Debug|Any CPU
		{47384F96-E6A7-4F76-90A3-AB90496327E0}.Debug|iPhoneSimulator.Build.0 = Debug|Any CPU
		{47384F96-E6A7-4F76-90A3-AB90496327E0}.Debug|iPhoneSimulator.Deploy.0 = Debug|Any CPU
		{47384F96-E6A7-4F76-90A3-AB90496327E0}.Debug|x64.ActiveCfg = Debug|Any CPU
		{47384F96-E6A7-4F76-90A3-AB90496327E0}.Debug|x64.Build.0 = Debug|Any CPU
		{47384F96-E6A7-4F76-90A3-AB90496327E0}.Debug|x64.Deploy.0 = Debug|Any CPU
		{47384F96-E6A7-4F76-90A3-AB90496327E0}.Debug|x86.ActiveCfg = Debug|Any CPU
		{47384F96-E6A7-4F76-90A3-AB90496327E0}.Debug|x86.Build.0 = Debug|Any CPU
		{47384F96-E6A7-4F76-90A3-AB90496327E0}.Debug|x86.Deploy.0 = Debug|Any CPU
		{47384F96-E6A7-4F76-90A3-AB90496327E0}.Release|Any CPU.ActiveCfg = Release|Any CPU
		{47384F96-E6A7-4F76-90A3-AB90496327E0}.Release|Any CPU.Build.0 = Release|Any CPU
		{47384F96-E6A7-4F76-90A3-AB90496327E0}.Release|Any CPU.Deploy.0 = Release|Any CPU
		{47384F96-E6A7-4F76-90A3-AB90496327E0}.Release|ARM.ActiveCfg = Release|Any CPU
		{47384F96-E6A7-4F76-90A3-AB90496327E0}.Release|ARM.Build.0 = Release|Any CPU
		{47384F96-E6A7-4F76-90A3-AB90496327E0}.Release|ARM.Deploy.0 = Release|Any CPU
		{47384F96-E6A7-4F76-90A3-AB90496327E0}.Release|iPhone.ActiveCfg = Release|Any CPU
		{47384F96-E6A7-4F76-90A3-AB90496327E0}.Release|iPhone.Build.0 = Release|Any CPU
		{47384F96-E6A7-4F76-90A3-AB90496327E0}.Release|iPhone.Deploy.0 = Release|Any CPU
		{47384F96-E6A7-4F76-90A3-AB90496327E0}.Release|iPhoneSimulator.ActiveCfg = Release|Any CPU
		{47384F96-E6A7-4F76-90A3-AB90496327E0}.Release|iPhoneSimulator.Build.0 = Release|Any CPU
		{47384F96-E6A7-4F76-90A3-AB90496327E0}.Release|iPhoneSimulator.Deploy.0 = Release|Any CPU
		{47384F96-E6A7-4F76-90A3-AB90496327E0}.Release|x64.ActiveCfg = Release|Any CPU
		{47384F96-E6A7-4F76-90A3-AB90496327E0}.Release|x64.Build.0 = Release|Any CPU
		{47384F96-E6A7-4F76-90A3-AB90496327E0}.Release|x64.Deploy.0 = Release|Any CPU
		{47384F96-E6A7-4F76-90A3-AB90496327E0}.Release|x86.ActiveCfg = Release|Any CPU
		{47384F96-E6A7-4F76-90A3-AB90496327E0}.Release|x86.Build.0 = Release|Any CPU
		{47384F96-E6A7-4F76-90A3-AB90496327E0}.Release|x86.Deploy.0 = Release|Any CPU
		{1797A088-A3E8-40D3-821B-41715BB5A398}.Debug|Any CPU.ActiveCfg = Debug|iPhoneSimulator
		{1797A088-A3E8-40D3-821B-41715BB5A398}.Debug|Any CPU.Build.0 = Debug|iPhoneSimulator
		{1797A088-A3E8-40D3-821B-41715BB5A398}.Debug|Any CPU.Deploy.0 = Debug|iPhoneSimulator
		{1797A088-A3E8-40D3-821B-41715BB5A398}.Debug|ARM.ActiveCfg = Debug|iPhoneSimulator
		{1797A088-A3E8-40D3-821B-41715BB5A398}.Debug|ARM.Build.0 = Debug|iPhoneSimulator
		{1797A088-A3E8-40D3-821B-41715BB5A398}.Debug|ARM.Deploy.0 = Debug|iPhoneSimulator
		{1797A088-A3E8-40D3-821B-41715BB5A398}.Debug|iPhone.ActiveCfg = Debug|iPhone
		{1797A088-A3E8-40D3-821B-41715BB5A398}.Debug|iPhone.Build.0 = Debug|iPhone
		{1797A088-A3E8-40D3-821B-41715BB5A398}.Debug|iPhone.Deploy.0 = Debug|iPhone
		{1797A088-A3E8-40D3-821B-41715BB5A398}.Debug|iPhoneSimulator.ActiveCfg = Debug|iPhoneSimulator
		{1797A088-A3E8-40D3-821B-41715BB5A398}.Debug|iPhoneSimulator.Build.0 = Debug|iPhoneSimulator
		{1797A088-A3E8-40D3-821B-41715BB5A398}.Debug|iPhoneSimulator.Deploy.0 = Debug|iPhoneSimulator
		{1797A088-A3E8-40D3-821B-41715BB5A398}.Debug|x64.ActiveCfg = Debug|iPhone
		{1797A088-A3E8-40D3-821B-41715BB5A398}.Debug|x64.Build.0 = Debug|iPhone
		{1797A088-A3E8-40D3-821B-41715BB5A398}.Debug|x64.Deploy.0 = Debug|iPhone
		{1797A088-A3E8-40D3-821B-41715BB5A398}.Debug|x86.ActiveCfg = Debug|iPhoneSimulator
		{1797A088-A3E8-40D3-821B-41715BB5A398}.Debug|x86.Build.0 = Debug|iPhoneSimulator
		{1797A088-A3E8-40D3-821B-41715BB5A398}.Debug|x86.Deploy.0 = Debug|iPhoneSimulator
		{1797A088-A3E8-40D3-821B-41715BB5A398}.Release|Any CPU.ActiveCfg = Release|iPhoneSimulator
		{1797A088-A3E8-40D3-821B-41715BB5A398}.Release|Any CPU.Build.0 = Release|iPhoneSimulator
		{1797A088-A3E8-40D3-821B-41715BB5A398}.Release|Any CPU.Deploy.0 = Release|iPhoneSimulator
		{1797A088-A3E8-40D3-821B-41715BB5A398}.Release|ARM.ActiveCfg = Release|iPhoneSimulator
		{1797A088-A3E8-40D3-821B-41715BB5A398}.Release|ARM.Build.0 = Release|iPhoneSimulator
		{1797A088-A3E8-40D3-821B-41715BB5A398}.Release|ARM.Deploy.0 = Release|iPhoneSimulator
		{1797A088-A3E8-40D3-821B-41715BB5A398}.Release|iPhone.ActiveCfg = Release|iPhone
		{1797A088-A3E8-40D3-821B-41715BB5A398}.Release|iPhone.Build.0 = Release|iPhone
		{1797A088-A3E8-40D3-821B-41715BB5A398}.Release|iPhone.Deploy.0 = Release|iPhone
		{1797A088-A3E8-40D3-821B-41715BB5A398}.Release|iPhoneSimulator.ActiveCfg = Release|iPhoneSimulator
		{1797A088-A3E8-40D3-821B-41715BB5A398}.Release|iPhoneSimulator.Build.0 = Release|iPhoneSimulator
		{1797A088-A3E8-40D3-821B-41715BB5A398}.Release|iPhoneSimulator.Deploy.0 = Release|iPhoneSimulator
		{1797A088-A3E8-40D3-821B-41715BB5A398}.Release|x64.ActiveCfg = Release|iPhoneSimulator
		{1797A088-A3E8-40D3-821B-41715BB5A398}.Release|x64.Build.0 = Release|iPhoneSimulator
		{1797A088-A3E8-40D3-821B-41715BB5A398}.Release|x64.Deploy.0 = Release|iPhoneSimulator
		{1797A088-A3E8-40D3-821B-41715BB5A398}.Release|x86.ActiveCfg = Release|iPhoneSimulator
		{1797A088-A3E8-40D3-821B-41715BB5A398}.Release|x86.Build.0 = Release|iPhoneSimulator
		{1797A088-A3E8-40D3-821B-41715BB5A398}.Release|x86.Deploy.0 = Release|iPhoneSimulator
		{BA1F0035-5CDD-4B56-BC0D-4021B6D6D8B7}.Debug|Any CPU.ActiveCfg = Debug|Any CPU
		{BA1F0035-5CDD-4B56-BC0D-4021B6D6D8B7}.Debug|Any CPU.Build.0 = Debug|Any CPU
		{BA1F0035-5CDD-4B56-BC0D-4021B6D6D8B7}.Debug|Any CPU.Deploy.0 = Debug|Any CPU
		{BA1F0035-5CDD-4B56-BC0D-4021B6D6D8B7}.Debug|ARM.ActiveCfg = Debug|Any CPU
		{BA1F0035-5CDD-4B56-BC0D-4021B6D6D8B7}.Debug|ARM.Build.0 = Debug|Any CPU
		{BA1F0035-5CDD-4B56-BC0D-4021B6D6D8B7}.Debug|ARM.Deploy.0 = Debug|Any CPU
		{BA1F0035-5CDD-4B56-BC0D-4021B6D6D8B7}.Debug|iPhone.ActiveCfg = Debug|Any CPU
		{BA1F0035-5CDD-4B56-BC0D-4021B6D6D8B7}.Debug|iPhone.Build.0 = Debug|Any CPU
		{BA1F0035-5CDD-4B56-BC0D-4021B6D6D8B7}.Debug|iPhone.Deploy.0 = Debug|Any CPU
		{BA1F0035-5CDD-4B56-BC0D-4021B6D6D8B7}.Debug|iPhoneSimulator.ActiveCfg = Debug|Any CPU
		{BA1F0035-5CDD-4B56-BC0D-4021B6D6D8B7}.Debug|iPhoneSimulator.Build.0 = Debug|Any CPU
		{BA1F0035-5CDD-4B56-BC0D-4021B6D6D8B7}.Debug|iPhoneSimulator.Deploy.0 = Debug|Any CPU
		{BA1F0035-5CDD-4B56-BC0D-4021B6D6D8B7}.Debug|x64.ActiveCfg = Debug|Any CPU
		{BA1F0035-5CDD-4B56-BC0D-4021B6D6D8B7}.Debug|x64.Build.0 = Debug|Any CPU
		{BA1F0035-5CDD-4B56-BC0D-4021B6D6D8B7}.Debug|x64.Deploy.0 = Debug|Any CPU
		{BA1F0035-5CDD-4B56-BC0D-4021B6D6D8B7}.Debug|x86.ActiveCfg = Debug|Any CPU
		{BA1F0035-5CDD-4B56-BC0D-4021B6D6D8B7}.Debug|x86.Build.0 = Debug|Any CPU
		{BA1F0035-5CDD-4B56-BC0D-4021B6D6D8B7}.Debug|x86.Deploy.0 = Debug|Any CPU
		{BA1F0035-5CDD-4B56-BC0D-4021B6D6D8B7}.Release|Any CPU.ActiveCfg = Release|Any CPU
		{BA1F0035-5CDD-4B56-BC0D-4021B6D6D8B7}.Release|Any CPU.Build.0 = Release|Any CPU
		{BA1F0035-5CDD-4B56-BC0D-4021B6D6D8B7}.Release|Any CPU.Deploy.0 = Release|Any CPU
		{BA1F0035-5CDD-4B56-BC0D-4021B6D6D8B7}.Release|ARM.ActiveCfg = Release|Any CPU
		{BA1F0035-5CDD-4B56-BC0D-4021B6D6D8B7}.Release|ARM.Build.0 = Release|Any CPU
		{BA1F0035-5CDD-4B56-BC0D-4021B6D6D8B7}.Release|ARM.Deploy.0 = Release|Any CPU
		{BA1F0035-5CDD-4B56-BC0D-4021B6D6D8B7}.Release|iPhone.ActiveCfg = Release|Any CPU
		{BA1F0035-5CDD-4B56-BC0D-4021B6D6D8B7}.Release|iPhone.Build.0 = Release|Any CPU
		{BA1F0035-5CDD-4B56-BC0D-4021B6D6D8B7}.Release|iPhone.Deploy.0 = Release|Any CPU
		{BA1F0035-5CDD-4B56-BC0D-4021B6D6D8B7}.Release|iPhoneSimulator.ActiveCfg = Release|Any CPU
		{BA1F0035-5CDD-4B56-BC0D-4021B6D6D8B7}.Release|iPhoneSimulator.Build.0 = Release|Any CPU
		{BA1F0035-5CDD-4B56-BC0D-4021B6D6D8B7}.Release|iPhoneSimulator.Deploy.0 = Release|Any CPU
		{BA1F0035-5CDD-4B56-BC0D-4021B6D6D8B7}.Release|x64.ActiveCfg = Release|Any CPU
		{BA1F0035-5CDD-4B56-BC0D-4021B6D6D8B7}.Release|x64.Build.0 = Release|Any CPU
		{BA1F0035-5CDD-4B56-BC0D-4021B6D6D8B7}.Release|x64.Deploy.0 = Release|Any CPU
		{BA1F0035-5CDD-4B56-BC0D-4021B6D6D8B7}.Release|x86.ActiveCfg = Release|Any CPU
		{BA1F0035-5CDD-4B56-BC0D-4021B6D6D8B7}.Release|x86.Build.0 = Release|Any CPU
		{BA1F0035-5CDD-4B56-BC0D-4021B6D6D8B7}.Release|x86.Deploy.0 = Release|Any CPU
	EndGlobalSection
	GlobalSection(SolutionProperties) = preSolution
		HideSolutionNode = FALSE
	EndGlobalSection
	GlobalSection(ExtensibilityGlobals) = postSolution
		SolutionGuid = {5FE87DB0-41D7-4840-8466-4D812F15BFD5}
	EndGlobalSection
EndGlobal
